
Microsoft Visual Studio Solution File, Format Version 12.00
# Visual Studio 15
VisualStudioVersion = 15.0.28307.136
MinimumVisualStudioVersion = 10.0.40219.1
Project("{FAE04EC0-301F-11D3-BF4B-00C04F79EFBC}") = "CHESS", "CHESS\CHESS.csproj", "{83BEEE25-82D9-4F9E-BF73-EE97735E5D38}"
EndProject
Global
	GlobalSection(SolutionConfigurationPlatforms) = preSolution
		Debug|Any CPU = Debug|Any CPU
		Release|Any CPU = Release|Any CPU
	EndGlobalSection
	GlobalSection(ProjectConfigurationPlatforms) = postSolution
		{83BEEE25-82D9-4F9E-BF73-EE97735E5D38}.Debug|Any CPU.ActiveCfg = Debug|Any CPU
		{83BEEE25-82D9-4F9E-BF73-EE97735E5D38}.Debug|Any CPU.Build.0 = Debug|Any CPU
		{83BEEE25-82D9-4F9E-BF73-EE97735E5D38}.Release|Any CPU.ActiveCfg = Release|Any CPU
		{83BEEE25-82D9-4F9E-BF73-EE97735E5D38}.Release|Any CPU.Build.0 = Release|Any CPU
	EndGlobalSection
	GlobalSection(SolutionProperties) = preSolution
		HideSolutionNode = FALSE
	EndGlobalSection
	GlobalSection(ExtensibilityGlobals) = postSolution
		SolutionGuid = {FFA72E68-81C2-44E7-A836-58CCDB0E3DCE}
	EndGlobalSection
EndGlobal
